
Microsoft Visual Studio Solution File, Format Version 12.00
# Visual Studio 15
Project("{FAE04EC0-301F-11D3-BF4B-00C04F79EFBC}") = "Unity.Timeline", "Unity.Timeline.csproj", "{8C83B5C4-7E44-DDE1-120B-898CE722F7A4}"
EndProject
Project("{FAE04EC0-301F-11D3-BF4B-00C04F79EFBC}") = "Unity.ShaderGraph.Editor", "Unity.ShaderGraph.Editor.csproj", "{9E3A72C0-C36E-7455-0F5F-F05461E98D3C}"
EndProject
Project("{FAE04EC0-301F-11D3-BF4B-00C04F79EFBC}") = "Unity.RenderPipelines.GPUDriven.Runtime", "Unity.RenderPipelines.GPUDriven.Runtime.csproj", "{1779D4D1-24BB-C17F-8588-752EAA4725DC}"
EndProject
Project("{FAE04EC0-301F-11D3-BF4B-00C04F79EFBC}") = "Unity.RenderPipelines.Universal.Runtime", "Unity.RenderPipelines.Universal.Runtime.csproj", "{6E18D9F9-0F76-F21B-9D8E-12070E69D4A8}"
EndProject
Project("{FAE04EC0-301F-11D3-BF4B-00C04F79EFBC}") = "Unity.Timeline.Editor", "Unity.Timeline.Editor.csproj", "{B65E5F8A-9D09-9714-016A-27F92A5C9CA9}"
EndProject
Project("{FAE04EC0-301F-11D3-BF4B-00C04F79EFBC}") = "Unity.PlasticSCM.Editor", "Unity.PlasticSCM.Editor.csproj", "{EA0E8C23-BB54-BB3A-FD21-99CFD3CCB490}"
EndProject
Project("{FAE04EC0-301F-11D3-BF4B-00C04F79EFBC}") = "Unity.RenderPipelines.Core.Runtime", "Unity.RenderPipelines.Core.Runtime.csproj", "{7BBAC7C7-445B-9729-D06B-E2CAA774B067}"
EndProject
Project("{FAE04EC0-301F-11D3-BF4B-00C04F79EFBC}") = "Unity.Splines.Editor", "Unity.Splines.Editor.csproj", "{671D6B97-5B45-36EA-D9C6-B461A78BDFFB}"
EndProject
Project("{FAE04EC0-301F-11D3-BF4B-00C04F79EFBC}") = "Unity.Mathematics", "Unity.Mathematics.csproj", "{BAFD83E7-C8C4-30D7-456B-FBF9650B99D0}"
EndProject
Project("{FAE04EC0-301F-11D3-BF4B-00C04F79EFBC}") = "Unity.Cinemachine.Editor", "Unity.Cinemachine.Editor.csproj", "{E564D83A-816B-3624-94CB-157F64A19663}"
EndProject
Project("{FAE04EC0-301F-11D3-BF4B-00C04F79EFBC}") = "Unity.Multiplayer.Center.Editor", "Unity.Multiplayer.Center.Editor.csproj", "{ED166035-CBA3-7B35-C086-ADCE351696BD}"
EndProject
Project("{FAE04EC0-301F-11D3-BF4B-00C04F79EFBC}") = "Unity.Collections", "Unity.Collections.csproj", "{92B80FF6-94FF-F671-D59A-C48BA753391E}"
EndProject
Project("{FAE04EC0-301F-11D3-BF4B-00C04F79EFBC}") = "UnityEngine.UI", "UnityEngine.UI.csproj", "{BEFE8675-A54E-B196-D7F5-4CC12177919E}"
EndProject
Project("{FAE04EC0-301F-11D3-BF4B-00C04F79EFBC}") = "Unity.RenderPipelines.Core.Editor", "Unity.RenderPipelines.Core.Editor.csproj", "{37DF468B-69E9-BC91-F2F4-7DD0F0F5E4EB}"
EndProject
Project("{FAE04EC0-301F-11D3-BF4B-00C04F79EFBC}") = "UnityEditor.TestRunner", "UnityEditor.TestRunner.csproj", "{CD394B6C-DE26-FDBF-F908-0AE888247654}"
EndProject
Project("{FAE04EC0-301F-11D3-BF4B-00C04F79EFBC}") = "Unity.RenderPipelines.Universal.2D.Runtime", "Unity.RenderPipelines.Universal.2D.Runtime.csproj", "{60BF234D-15C6-A236-115C-61B755E936D7}"
EndProject
Project("{FAE04EC0-301F-11D3-BF4B-00C04F79EFBC}") = "Unity.RenderPipelines.Universal.Editor", "Unity.RenderPipelines.Universal.Editor.csproj", "{B8AC4D0A-9149-91A9-5713-0C99321B3BAF}"
EndProject
Project("{FAE04EC0-301F-11D3-BF4B-00C04F79EFBC}") = "Unity.PerformanceTesting.Editor", "Unity.PerformanceTesting.Editor.csproj", "{C44FEDE4-CF35-069F-CC9A-1005C46349C6}"
EndProject
Project("{FAE04EC0-301F-11D3-BF4B-00C04F79EFBC}") = "UnityEngine.TestRunner", "UnityEngine.TestRunner.csproj", "{31308C6F-842C-1182-65A5-43A53B8EBB54}"
EndProject
Project("{FAE04EC0-301F-11D3-BF4B-00C04F79EFBC}") = "Unity.Recorder.Editor", "Unity.Recorder.Editor.csproj", "{145F27AF-C085-3EC0-E43C-76EF3046B128}"
EndProject
Project("{FAE04EC0-301F-11D3-BF4B-00C04F79EFBC}") = "com.rlabrecque.steamworks.net", "com.rlabrecque.steamworks.net.csproj", "{A565C046-2B6C-6A09-96C9-8145C983C9EC}"
EndProject
Project("{FAE04EC0-301F-11D3-BF4B-00C04F79EFBC}") = "Unity.Searcher.Editor", "Unity.Searcher.Editor.csproj", "{3408BB36-9CEE-61FC-D520-9BA9486E7960}"
EndProject
Project("{FAE04EC0-301F-11D3-BF4B-00C04F79EFBC}") = "Unity.Burst", "Unity.Burst.csproj", "{90A03136-3041-0EB5-A592-9FA1A22C11A7}"
EndProject
Project("{FAE04EC0-301F-11D3-BF4B-00C04F79EFBC}") = "Unity.AI.Navigation.Editor", "Unity.AI.Navigation.Editor.csproj", "{250365CF-DD89-6B83-75A5-B3A105609071}"
EndProject
Project("{FAE04EC0-301F-11D3-BF4B-00C04F79EFBC}") = "Unity.VisualStudio.Editor", "Unity.VisualStudio.Editor.csproj", "{EF052CF3-DC27-00CC-D9A3-F0072AA7FC16}"
EndProject
Project("{FAE04EC0-301F-11D3-BF4B-00C04F79EFBC}") = "Unity.AdaptivePerformance", "Unity.AdaptivePerformance.csproj", "{19CF6B29-F8A6-3034-4469-2FF26FD56D91}"
EndProject
Project("{FAE04EC0-301F-11D3-BF4B-00C04F79EFBC}") = "PPv2URPConverters", "PPv2URPConverters.csproj", "{FF0008B0-1E82-F13E-156B-8B4FE31D7726}"
EndProject
Project("{FAE04EC0-301F-11D3-BF4B-00C04F79EFBC}") = "Unity.RenderPipelines.Core.Runtime.Shared", "Unity.RenderPipelines.Core.Runtime.Shared.csproj", "{34BB800D-ADCD-338C-95BA-6CC4A4A449F7}"
EndProject
Project("{FAE04EC0-301F-11D3-BF4B-00C04F79EFBC}") = "Unity.TextMeshPro.Editor", "Unity.TextMeshPro.Editor.csproj", "{195A35C9-D6A2-B9B6-60E8-364002755D2B}"
EndProject
Project("{FAE04EC0-301F-11D3-BF4B-00C04F79EFBC}") = "Unity.Rider.Editor", "Unity.Rider.Editor.csproj", "{F945DA98-EAC1-48A2-3BFF-55DF63219EAF}"
EndProject
Project("{FAE04EC0-301F-11D3-BF4B-00C04F79EFBC}") = "Unity.Cinemachine", "Unity.Cinemachine.csproj", "{38FF912F-9813-3E63-6A55-3EBBBE988A32}"
EndProject
Project("{FAE04EC0-301F-11D3-BF4B-00C04F79EFBC}") = "Unity.AI.Navigation.Editor.ConversionSystem", "Unity.AI.Navigation.Editor.ConversionSystem.csproj", "{9D8D09B4-75C0-181B-B123-F6B29F7CBAF1}"
EndProject
Project("{FAE04EC0-301F-11D3-BF4B-00C04F79EFBC}") = "Unity.Burst.CodeGen", "Unity.Burst.CodeGen.csproj", "{0F25DC7D-CADD-BDFD-0443-B8F41E756253}"
EndProject
Project("{FAE04EC0-301F-11D3-BF4B-00C04F79EFBC}") = "Unity.Postprocessing.Runtime", "Unity.Postprocessing.Runtime.csproj", "{44CD93FB-D968-E7B5-EC49-637DF3945FD5}"
EndProject
Project("{FAE04EC0-301F-11D3-BF4B-00C04F79EFBC}") = "Unity.RenderPipeline.Universal.ShaderLibrary", "Unity.RenderPipeline.Universal.ShaderLibrary.csproj", "{AF2BE7BF-B222-05E0-0F4D-699FE16D0E0C}"
EndProject
Project("{FAE04EC0-301F-11D3-BF4B-00C04F79EFBC}") = "Unity.PerformanceTesting", "Unity.PerformanceTesting.csproj", "{AFBE6B0E-CF29-13AE-5B62-AAA7F45C02CF}"
EndProject
Project("{FAE04EC0-301F-11D3-BF4B-00C04F79EFBC}") = "Unity.Postprocessing.Editor", "Unity.Postprocessing.Editor.csproj", "{D429C9D3-4AE1-943B-4E26-0AC3FE4448C9}"
EndProject
Project("{FAE04EC0-301F-11D3-BF4B-00C04F79EFBC}") = "Unity.AI.Navigation", "Unity.AI.Navigation.csproj", "{918FE2A7-FA56-49AC-99D5-169510BEF986}"
EndProject
Project("{FAE04EC0-301F-11D3-BF4B-00C04F79EFBC}") = "Assembly-CSharp", "Assembly-CSharp.csproj", "{9B60D8AB-82C5-C276-FCB5-77C05CF9FCA1}"
EndProject
Project("{FAE04EC0-301F-11D3-BF4B-00C04F79EFBC}") = "Unity.Splines", "Unity.Splines.csproj", "{91064E27-6F50-D663-F374-70847118BBEF}"
EndProject
Project("{FAE04EC0-301F-11D3-BF4B-00C04F79EFBC}") = "Unity.AdaptivePerformance.Editor", "Unity.AdaptivePerformance.Editor.csproj", "{C73A633B-B02A-59C8-A2CB-BD9BF733A5E0}"
EndProject
Project("{FAE04EC0-301F-11D3-BF4B-00C04F79EFBC}") = "UnityEditor.UI", "UnityEditor.UI.csproj", "{0E86A5F7-DF41-4D34-F838-DCF91F30FFF3}"
EndProject
Project("{FAE04EC0-301F-11D3-BF4B-00C04F79EFBC}") = "Unity.TextMeshPro", "Unity.TextMeshPro.csproj", "{51DB4B47-5BF3-0A09-DBFB-99051E3942F9}"
EndProject
Project("{FAE04EC0-301F-11D3-BF4B-00C04F79EFBC}") = "Unity.Rendering.LightTransport.Runtime", "Unity.Rendering.LightTransport.Runtime.csproj", "{31F4DB42-BEF8-562D-DA4E-CF929AF380E4}"
EndProject
Project("{FAE04EC0-301F-11D3-BF4B-00C04F79EFBC}") = "Unity.VSCode.Editor", "Unity.VSCode.Editor.csproj", "{0CC049C7-2671-4C92-9A44-32E2FF81A2A8}"
EndProject
Project("{FAE04EC0-301F-11D3-BF4B-00C04F79EFBC}") = "Unity.Burst.Editor", "Unity.Burst.Editor.csproj", "{86CA1BD2-DDDC-BF7E-D75D-A967E88A5CC8}"
EndProject
Project("{FAE04EC0-301F-11D3-BF4B-00C04F79EFBC}") = "Unity.AI.Navigation.Updater", "Unity.AI.Navigation.Updater.csproj", "{1ED32093-3CC0-31B2-B98B-FD54B3EEE939}"
EndProject
Project("{FAE04EC0-301F-11D3-BF4B-00C04F79EFBC}") = "Unity.Settings.Editor", "Unity.Settings.Editor.csproj", "{E499ADAA-C38D-ED7C-53B5-E7719F08FC39}"
EndProject
Project("{FAE04EC0-301F-11D3-BF4B-00C04F79EFBC}") = "Unity.AdaptivePerformance.UI.Editor", "Unity.AdaptivePerformance.UI.Editor.csproj", "{458FCCA5-CC03-283F-A096-A9552F645EB9}"
EndProject
Project("{FAE04EC0-301F-11D3-BF4B-00C04F79EFBC}") = "Unity.2D.Sprite.Editor", "Unity.2D.Sprite.Editor.csproj", "{B7EB4166-B20A-6B9D-AF4A-BF481EEF2EC6}"
EndProject
Project("{FAE04EC0-301F-11D3-BF4B-00C04F79EFBC}") = "Unity.Recorder", "Unity.Recorder.csproj", "{30A05DF6-AB9D-6100-E08D-F06C3BD73666}"
EndProject
Project("{FAE04EC0-301F-11D3-BF4B-00C04F79EFBC}") = "Unity.Multiplayer.Center.Common", "Unity.Multiplayer.Center.Common.csproj", "{B17A008D-3C59-F141-7AE6-8647BE5F7F7D}"
EndProject
Project("{FAE04EC0-301F-11D3-BF4B-00C04F79EFBC}") = "Unity.Collections.CodeGen", "Unity.Collections.CodeGen.csproj", "{32112E1C-6FC7-AA5D-4725-F85A4B87EE48}"
EndProject
Project("{FAE04EC0-301F-11D3-BF4B-00C04F79EFBC}") = "Unity.Mathematics.Editor", "Unity.Mathematics.Editor.csproj", "{8B6DA032-1057-E2D0-B247-E2ABB57F1750}"
EndProject
Project("{FAE04EC0-301F-11D3-BF4B-00C04F79EFBC}") = "Unity.ShaderGraph.Utilities", "Unity.ShaderGraph.Utilities.csproj", "{0F00119A-A9B3-2067-F71F-35CB2D0D5C9D}"
EndProject
Project("{FAE04EC0-301F-11D3-BF4B-00C04F79EFBC}") = "Unity.Recorder.Base", "Unity.Recorder.Base.csproj", "{B9A22926-6125-258C-20BA-024D34BD15DD}"
EndProject
Project("{FAE04EC0-301F-11D3-BF4B-00C04F79EFBC}") = "Unity.Profiling.Core", "Unity.Profiling.Core.csproj", "{0E265987-D80B-BBB5-ADA0-0378642173B9}"
EndProject
Project("{FAE04EC0-301F-11D3-BF4B-00C04F79EFBC}") = "Unity.Rendering.LightTransport.Editor", "Unity.Rendering.LightTransport.Editor.csproj", "{A9BEFF05-4DF9-D563-5434-2D4A08084371}"
EndProject
Project("{FAE04EC0-301F-11D3-BF4B-00C04F79EFBC}") = "Unity.AdaptivePerformance.Simulator.Editor", "Unity.AdaptivePerformance.Simulator.Editor.csproj", "{55AB72D6-9666-0F22-FC18-B8E0B1121AF3}"
EndProject
Project("{FAE04EC0-301F-11D3-BF4B-00C04F79EFBC}") = "Unity.AdaptivePerformance.Profiler.Editor", "Unity.AdaptivePerformance.Profiler.Editor.csproj", "{88BA24CC-0F85-9FDE-0034-F4603A87C313}"
EndProject
Project("{FAE04EC0-301F-11D3-BF4B-00C04F79EFBC}") = "Assembly-CSharp-Editor", "Assembly-CSharp-Editor.csproj", "{771AC626-A878-C944-1FCD-E4398FA41850}"
EndProject
Project("{FAE04EC0-301F-11D3-BF4B-00C04F79EFBC}") = "Unity.AdaptivePerformance.Simulator.Extension", "Unity.AdaptivePerformance.Simulator.Extension.csproj", "{9F953C16-0226-0018-945D-EAB2F2EFDCF0}"
EndProject
Project("{FAE04EC0-301F-11D3-BF4B-00C04F79EFBC}") = "com.rlabrecque.steamworks.net.editor", "com.rlabrecque.steamworks.net.editor.csproj", "{6B08C792-8975-D9AF-B374-0F0711A3FD5C}"
EndProject
Project("{FAE04EC0-301F-11D3-BF4B-00C04F79EFBC}") = "Unity.Bindings.OpenImageIO.Editor", "Unity.Bindings.OpenImageIO.Editor.csproj", "{3828911B-1C1E-ECA1-4218-5DC7E53877D7}"
EndProject
Project("{FAE04EC0-301F-11D3-BF4B-00C04F79EFBC}") = "Unity.Collections.Editor", "Unity.Collections.Editor.csproj", "{6292E6CA-BCE0-7EEE-1BFE-0523060AB084}"
EndProject
Project("{FAE04EC0-301F-11D3-BF4B-00C04F79EFBC}") = "Unity.RenderPipelines.Universal.Config.Runtime", "Unity.RenderPipelines.Universal.Config.Runtime.csproj", "{7BC3A407-6C78-FB16-7F71-613CEDC0EEC9}"
EndProject
Project("{FAE04EC0-301F-11D3-BF4B-00C04F79EFBC}") = "Unity.CollabProxy.Editor", "Unity.CollabProxy.Editor.csproj", "{41230113-E796-5FC0-6745-A188E2B17F1C}"
EndProject
Project("{FAE04EC0-301F-11D3-BF4B-00C04F79EFBC}") = "Unity.RenderPipelines.ShaderGraph.ShaderGraphLibrary", "Unity.RenderPipelines.ShaderGraph.ShaderGraphLibrary.csproj", "{B9ACC550-41EB-F5E3-A96F-FB4FA5ACA133}"
EndProject
Project("{FAE04EC0-301F-11D3-BF4B-00C04F79EFBC}") = "Unity.RenderPipelines.Core.ShaderLibrary", "Unity.RenderPipelines.Core.ShaderLibrary.csproj", "{9AA8C78F-4E36-551D-037C-1EA663D0E3E6}"
EndProject
Project("{FAE04EC0-301F-11D3-BF4B-00C04F79EFBC}") = "Unity.RenderPipelines.Core.Editor.Shared", "Unity.RenderPipelines.Core.Editor.Shared.csproj", "{5CF21F8F-8D9C-EB7E-1E02-B8A666FA3B52}"
EndProject
Project("{FAE04EC0-301F-11D3-BF4B-00C04F79EFBC}") = "Unity.RenderPipelines.Universal.Shaders", "Unity.RenderPipelines.Universal.Shaders.csproj", "{54EFD113-CA36-A184-5D8B-1A736648BD0B}"
EndProject
Project("{FAE04EC0-301F-11D3-BF4B-00C04F79EFBC}") = "Unity.Timeline", "Unity.Timeline.Player.csproj", "{F0C29A77-33AA-1DA2-8905-D289E72FE710}"
EndProject
Project("{FAE04EC0-301F-11D3-BF4B-00C04F79EFBC}") = "Unity.RenderPipelines.GPUDriven.Runtime", "Unity.RenderPipelines.GPUDriven.Runtime.Player.csproj", "{FB3CB86B-9E0E-B41A-50FE-4F6E76CC4B0B}"
EndProject
Project("{FAE04EC0-301F-11D3-BF4B-00C04F79EFBC}") = "Unity.RenderPipelines.Universal.Runtime", "Unity.RenderPipelines.Universal.Runtime.Player.csproj", "{C5AFC35C-D039-1FEF-527E-7F7A2F3A6D07}"
EndProject
Project("{FAE04EC0-301F-11D3-BF4B-00C04F79EFBC}") = "Unity.RenderPipelines.Core.Runtime", "Unity.RenderPipelines.Core.Runtime.Player.csproj", "{473EBF57-6C0E-436F-7280-3F4CED17C88D}"
EndProject
Project("{FAE04EC0-301F-11D3-BF4B-00C04F79EFBC}") = "Unity.Mathematics", "Unity.Mathematics.Player.csproj", "{3D5753BC-4BD5-CDDE-18E1-B35917268470}"
EndProject
Project("{FAE04EC0-301F-11D3-BF4B-00C04F79EFBC}") = "Unity.Collections", "Unity.Collections.Player.csproj", "{27FA040B-F5E5-0C96-1B85-BDF84A27A131}"
EndProject
Project("{FAE04EC0-301F-11D3-BF4B-00C04F79EFBC}") = "UnityEngine.UI", "UnityEngine.UI.Player.csproj", "{468251DD-0C20-7866-A3DE-CA24A8CE3695}"
EndProject
Project("{FAE04EC0-301F-11D3-BF4B-00C04F79EFBC}") = "Unity.RenderPipelines.Universal.2D.Runtime", "Unity.RenderPipelines.Universal.2D.Runtime.Player.csproj", "{874F912C-7E4E-0148-2DA1-85BFFB7D9F96}"
EndProject
Project("{FAE04EC0-301F-11D3-BF4B-00C04F79EFBC}") = "UnityEngine.TestRunner", "UnityEngine.TestRunner.Player.csproj", "{9E9AC3BB-6493-723A-1C63-F3F7B66F3806}"
EndProject
Project("{FAE04EC0-301F-11D3-BF4B-00C04F79EFBC}") = "com.rlabrecque.steamworks.net", "com.rlabrecque.steamworks.net.Player.csproj", "{DE724DAD-9B82-5834-DF4A-DE49D0AE4D50}"
EndProject
Project("{FAE04EC0-301F-11D3-BF4B-00C04F79EFBC}") = "Unity.Burst", "Unity.Burst.Player.csproj", "{5B846BF9-BA56-E561-10DE-065FD150B2C3}"
EndProject
Project("{FAE04EC0-301F-11D3-BF4B-00C04F79EFBC}") = "Unity.AdaptivePerformance", "Unity.AdaptivePerformance.Player.csproj", "{CE357ED3-64E4-5676-B70A-ECE4BB3F9937}"
EndProject
Project("{FAE04EC0-301F-11D3-BF4B-00C04F79EFBC}") = "Unity.RenderPipelines.Core.Runtime.Shared", "Unity.RenderPipelines.Core.Runtime.Shared.Player.csproj", "{92F6CE10-BABC-B4FD-3FFC-F2B5ED7802CB}"
EndProject
Project("{FAE04EC0-301F-11D3-BF4B-00C04F79EFBC}") = "Unity.Cinemachine", "Unity.Cinemachine.Player.csproj", "{A6C51D95-7D64-4A75-E98F-E24CC80DFE38}"
EndProject
Project("{FAE04EC0-301F-11D3-BF4B-00C04F79EFBC}") = "Unity.Postprocessing.Runtime", "Unity.Postprocessing.Runtime.Player.csproj", "{D70A868B-C3F8-5A51-1044-0A29336A59B9}"
EndProject
Project("{FAE04EC0-301F-11D3-BF4B-00C04F79EFBC}") = "Unity.RenderPipeline.Universal.ShaderLibrary", "Unity.RenderPipeline.Universal.ShaderLibrary.Player.csproj", "{901805E0-EE5F-4D0C-2B55-BFB57E62A805}"
EndProject
Project("{FAE04EC0-301F-11D3-BF4B-00C04F79EFBC}") = "Unity.PerformanceTesting", "Unity.PerformanceTesting.Player.csproj", "{2E9073B4-1521-7D28-F5D4-1409EE9A7DC1}"
EndProject
Project("{FAE04EC0-301F-11D3-BF4B-00C04F79EFBC}") = "Unity.AI.Navigation", "Unity.AI.Navigation.Player.csproj", "{9207352B-104F-EBA1-4245-2B656BF309EC}"
EndProject
Project("{FAE04EC0-301F-11D3-BF4B-00C04F79EFBC}") = "Assembly-CSharp", "Assembly-CSharp.Player.csproj", "{79D079C2-D6C2-0303-F23E-30DC7AFE702A}"
EndProject
Project("{FAE04EC0-301F-11D3-BF4B-00C04F79EFBC}") = "Unity.Splines", "Unity.Splines.Player.csproj", "{25852CC3-52C0-9A78-191A-483F35065497}"
EndProject
Project("{FAE04EC0-301F-11D3-BF4B-00C04F79EFBC}") = "Unity.TextMeshPro", "Unity.TextMeshPro.Player.csproj", "{6F4A8D3C-DE75-04E3-29C0-9532A4234172}"
EndProject
Project("{FAE04EC0-301F-11D3-BF4B-00C04F79EFBC}") = "Unity.Rendering.LightTransport.Runtime", "Unity.Rendering.LightTransport.Runtime.Player.csproj", "{C3CA0DD8-6793-D8FE-9A11-088C717E3C87}"
EndProject
Project("{FAE04EC0-301F-11D3-BF4B-00C04F79EFBC}") = "Unity.Recorder", "Unity.Recorder.Player.csproj", "{24F084AC-AD9B-4930-759E-0332DB3463B6}"
EndProject
Project("{FAE04EC0-301F-11D3-BF4B-00C04F79EFBC}") = "Unity.Multiplayer.Center.Common", "Unity.Multiplayer.Center.Common.Player.csproj", "{FC7440CB-154B-11D8-706A-A9D2618BFB16}"
EndProject
Project("{FAE04EC0-301F-11D3-BF4B-00C04F79EFBC}") = "Unity.Recorder.Base", "Unity.Recorder.Base.Player.csproj", "{97E50CEC-22D2-3424-1581-9E3002FAB083}"
EndProject
Project("{FAE04EC0-301F-11D3-BF4B-00C04F79EFBC}") = "Unity.Profiling.Core", "Unity.Profiling.Core.Player.csproj", "{6B371DB3-779A-A3A3-EDCC-A07DFC2640FD}"
EndProject
Project("{FAE04EC0-301F-11D3-BF4B-00C04F79EFBC}") = "Unity.RenderPipelines.Universal.Config.Runtime", "Unity.RenderPipelines.Universal.Config.Runtime.Player.csproj", "{0037A9A8-39BA-FDB5-EAF9-9FD57118CD5E}"
EndProject
Project("{FAE04EC0-301F-11D3-BF4B-00C04F79EFBC}") = "Unity.RenderPipelines.ShaderGraph.ShaderGraphLibrary", "Unity.RenderPipelines.ShaderGraph.ShaderGraphLibrary.Player.csproj", "{DB13D9FC-8833-A3A3-3772-49A381697C9E}"
EndProject
Project("{FAE04EC0-301F-11D3-BF4B-00C04F79EFBC}") = "Unity.RenderPipelines.Core.ShaderLibrary", "Unity.RenderPipelines.Core.ShaderLibrary.Player.csproj", "{7970B687-CAA8-CE70-E25C-9A5F956943A9}"
EndProject
Project("{FAE04EC0-301F-11D3-BF4B-00C04F79EFBC}") = "Unity.RenderPipelines.Universal.Shaders", "Unity.RenderPipelines.Universal.Shaders.Player.csproj", "{C968C495-D5DE-4BAC-ACBB-B4BD125D7153}"
EndProject
Global
	GlobalSection(SolutionConfigurationPlatforms) = preSolution
		Debug|Any CPU = Debug|Any CPU
		Release|Any CPU = Release|Any CPU
	EndGlobalSection
	GlobalSection(ProjectConfigurationPlatforms) = postSolution
		{8C83B5C4-7E44-DDE1-120B-898CE722F7A4}.Debug|Any CPU.ActiveCfg = Debug|Any CPU
		{8C83B5C4-7E44-DDE1-120B-898CE722F7A4}.Debug|Any CPU.Build.0 = Debug|Any CPU
		{8C83B5C4-7E44-DDE1-120B-898CE722F7A4}.Release|Any CPU.ActiveCfg = Release|Any CPU
		{8C83B5C4-7E44-DDE1-120B-898CE722F7A4}.Release|Any CPU.Build.0 = Release|Any CPU
		{9E3A72C0-C36E-7455-0F5F-F05461E98D3C}.Debug|Any CPU.ActiveCfg = Debug|Any CPU
		{9E3A72C0-C36E-7455-0F5F-F05461E98D3C}.Debug|Any CPU.Build.0 = Debug|Any CPU
		{9E3A72C0-C36E-7455-0F5F-F05461E98D3C}.Release|Any CPU.ActiveCfg = Release|Any CPU
		{9E3A72C0-C36E-7455-0F5F-F05461E98D3C}.Release|Any CPU.Build.0 = Release|Any CPU
		{1779D4D1-24BB-C17F-8588-752EAA4725DC}.Debug|Any CPU.ActiveCfg = Debug|Any CPU
		{1779D4D1-24BB-C17F-8588-752EAA4725DC}.Debug|Any CPU.Build.0 = Debug|Any CPU
		{1779D4D1-24BB-C17F-8588-752EAA4725DC}.Release|Any CPU.ActiveCfg = Release|Any CPU
		{1779D4D1-24BB-C17F-8588-752EAA4725DC}.Release|Any CPU.Build.0 = Release|Any CPU
		{6E18D9F9-0F76-F21B-9D8E-12070E69D4A8}.Debug|Any CPU.ActiveCfg = Debug|Any CPU
		{6E18D9F9-0F76-F21B-9D8E-12070E69D4A8}.Debug|Any CPU.Build.0 = Debug|Any CPU
		{6E18D9F9-0F76-F21B-9D8E-12070E69D4A8}.Release|Any CPU.ActiveCfg = Release|Any CPU
		{6E18D9F9-0F76-F21B-9D8E-12070E69D4A8}.Release|Any CPU.Build.0 = Release|Any CPU
		{B65E5F8A-9D09-9714-016A-27F92A5C9CA9}.Debug|Any CPU.ActiveCfg = Debug|Any CPU
		{B65E5F8A-9D09-9714-016A-27F92A5C9CA9}.Debug|Any CPU.Build.0 = Debug|Any CPU
		{B65E5F8A-9D09-9714-016A-27F92A5C9CA9}.Release|Any CPU.ActiveCfg = Release|Any CPU
		{B65E5F8A-9D09-9714-016A-27F92A5C9CA9}.Release|Any CPU.Build.0 = Release|Any CPU
		{EA0E8C23-BB54-BB3A-FD21-99CFD3CCB490}.Debug|Any CPU.ActiveCfg = Debug|Any CPU
		{EA0E8C23-BB54-BB3A-FD21-99CFD3CCB490}.Debug|Any CPU.Build.0 = Debug|Any CPU
		{EA0E8C23-BB54-BB3A-FD21-99CFD3CCB490}.Release|Any CPU.ActiveCfg = Release|Any CPU
		{EA0E8C23-BB54-BB3A-FD21-99CFD3CCB490}.Release|Any CPU.Build.0 = Release|Any CPU
		{7BBAC7C7-445B-9729-D06B-E2CAA774B067}.Debug|Any CPU.ActiveCfg = Debug|Any CPU
		{7BBAC7C7-445B-9729-D06B-E2CAA774B067}.Debug|Any CPU.Build.0 = Debug|Any CPU
		{7BBAC7C7-445B-9729-D06B-E2CAA774B067}.Release|Any CPU.ActiveCfg = Release|Any CPU
		{7BBAC7C7-445B-9729-D06B-E2CAA774B067}.Release|Any CPU.Build.0 = Release|Any CPU
		{671D6B97-5B45-36EA-D9C6-B461A78BDFFB}.Debug|Any CPU.ActiveCfg = Debug|Any CPU
		{671D6B97-5B45-36EA-D9C6-B461A78BDFFB}.Debug|Any CPU.Build.0 = Debug|Any CPU
		{671D6B97-5B45-36EA-D9C6-B461A78BDFFB}.Release|Any CPU.ActiveCfg = Release|Any CPU
		{671D6B97-5B45-36EA-D9C6-B461A78BDFFB}.Release|Any CPU.Build.0 = Release|Any CPU
		{BAFD83E7-C8C4-30D7-456B-FBF9650B99D0}.Debug|Any CPU.ActiveCfg = Debug|Any CPU
		{BAFD83E7-C8C4-30D7-456B-FBF9650B99D0}.Debug|Any CPU.Build.0 = Debug|Any CPU
		{BAFD83E7-C8C4-30D7-456B-FBF9650B99D0}.Release|Any CPU.ActiveCfg = Release|Any CPU
		{BAFD83E7-C8C4-30D7-456B-FBF9650B99D0}.Release|Any CPU.Build.0 = Release|Any CPU
		{E564D83A-816B-3624-94CB-157F64A19663}.Debug|Any CPU.ActiveCfg = Debug|Any CPU
		{E564D83A-816B-3624-94CB-157F64A19663}.Debug|Any CPU.Build.0 = Debug|Any CPU
		{E564D83A-816B-3624-94CB-157F64A19663}.Release|Any CPU.ActiveCfg = Release|Any CPU
		{E564D83A-816B-3624-94CB-157F64A19663}.Release|Any CPU.Build.0 = Release|Any CPU
		{ED166035-CBA3-7B35-C086-ADCE351696BD}.Debug|Any CPU.ActiveCfg = Debug|Any CPU
		{ED166035-CBA3-7B35-C086-ADCE351696BD}.Debug|Any CPU.Build.0 = Debug|Any CPU
		{ED166035-CBA3-7B35-C086-ADCE351696BD}.Release|Any CPU.ActiveCfg = Release|Any CPU
		{ED166035-CBA3-7B35-C086-ADCE351696BD}.Release|Any CPU.Build.0 = Release|Any CPU
		{92B80FF6-94FF-F671-D59A-C48BA753391E}.Debug|Any CPU.ActiveCfg = Debug|Any CPU
		{92B80FF6-94FF-F671-D59A-C48BA753391E}.Debug|Any CPU.Build.0 = Debug|Any CPU
		{92B80FF6-94FF-F671-D59A-C48BA753391E}.Release|Any CPU.ActiveCfg = Release|Any CPU
		{92B80FF6-94FF-F671-D59A-C48BA753391E}.Release|Any CPU.Build.0 = Release|Any CPU
		{BEFE8675-A54E-B196-D7F5-4CC12177919E}.Debug|Any CPU.ActiveCfg = Debug|Any CPU
		{BEFE8675-A54E-B196-D7F5-4CC12177919E}.Debug|Any CPU.Build.0 = Debug|Any CPU
		{BEFE8675-A54E-B196-D7F5-4CC12177919E}.Release|Any CPU.ActiveCfg = Release|Any CPU
		{BEFE8675-A54E-B196-D7F5-4CC12177919E}.Release|Any CPU.Build.0 = Release|Any CPU
		{37DF468B-69E9-BC91-F2F4-7DD0F0F5E4EB}.Debug|Any CPU.ActiveCfg = Debug|Any CPU
		{37DF468B-69E9-BC91-F2F4-7DD0F0F5E4EB}.Debug|Any CPU.Build.0 = Debug|Any CPU
		{37DF468B-69E9-BC91-F2F4-7DD0F0F5E4EB}.Release|Any CPU.ActiveCfg = Release|Any CPU
		{37DF468B-69E9-BC91-F2F4-7DD0F0F5E4EB}.Release|Any CPU.Build.0 = Release|Any CPU
		{CD394B6C-DE26-FDBF-F908-0AE888247654}.Debug|Any CPU.ActiveCfg = Debug|Any CPU
		{CD394B6C-DE26-FDBF-F908-0AE888247654}.Debug|Any CPU.Build.0 = Debug|Any CPU
		{CD394B6C-DE26-FDBF-F908-0AE888247654}.Release|Any CPU.ActiveCfg = Release|Any CPU
		{CD394B6C-DE26-FDBF-F908-0AE888247654}.Release|Any CPU.Build.0 = Release|Any CPU
		{60BF234D-15C6-A236-115C-61B755E936D7}.Debug|Any CPU.ActiveCfg = Debug|Any CPU
		{60BF234D-15C6-A236-115C-61B755E936D7}.Debug|Any CPU.Build.0 = Debug|Any CPU
		{60BF234D-15C6-A236-115C-61B755E936D7}.Release|Any CPU.ActiveCfg = Release|Any CPU
		{60BF234D-15C6-A236-115C-61B755E936D7}.Release|Any CPU.Build.0 = Release|Any CPU
		{B8AC4D0A-9149-91A9-5713-0C99321B3BAF}.Debug|Any CPU.ActiveCfg = Debug|Any CPU
		{B8AC4D0A-9149-91A9-5713-0C99321B3BAF}.Debug|Any CPU.Build.0 = Debug|Any CPU
		{B8AC4D0A-9149-91A9-5713-0C99321B3BAF}.Release|Any CPU.ActiveCfg = Release|Any CPU
		{B8AC4D0A-9149-91A9-5713-0C99321B3BAF}.Release|Any CPU.Build.0 = Release|Any CPU
		{C44FEDE4-CF35-069F-CC9A-1005C46349C6}.Debug|Any CPU.ActiveCfg = Debug|Any CPU
		{C44FEDE4-CF35-069F-CC9A-1005C46349C6}.Debug|Any CPU.Build.0 = Debug|Any CPU
		{C44FEDE4-CF35-069F-CC9A-1005C46349C6}.Release|Any CPU.ActiveCfg = Release|Any CPU
		{C44FEDE4-CF35-069F-CC9A-1005C46349C6}.Release|Any CPU.Build.0 = Release|Any CPU
		{31308C6F-842C-1182-65A5-43A53B8EBB54}.Debug|Any CPU.ActiveCfg = Debug|Any CPU
		{31308C6F-842C-1182-65A5-43A53B8EBB54}.Debug|Any CPU.Build.0 = Debug|Any CPU
		{31308C6F-842C-1182-65A5-43A53B8EBB54}.Release|Any CPU.ActiveCfg = Release|Any CPU
		{31308C6F-842C-1182-65A5-43A53B8EBB54}.Release|Any CPU.Build.0 = Release|Any CPU
		{145F27AF-C085-3EC0-E43C-76EF3046B128}.Debug|Any CPU.ActiveCfg = Debug|Any CPU
		{145F27AF-C085-3EC0-E43C-76EF3046B128}.Debug|Any CPU.Build.0 = Debug|Any CPU
		{145F27AF-C085-3EC0-E43C-76EF3046B128}.Release|Any CPU.ActiveCfg = Release|Any CPU
		{145F27AF-C085-3EC0-E43C-76EF3046B128}.Release|Any CPU.Build.0 = Release|Any CPU
		{A565C046-2B6C-6A09-96C9-8145C983C9EC}.Debug|Any CPU.ActiveCfg = Debug|Any CPU
		{A565C046-2B6C-6A09-96C9-8145C983C9EC}.Debug|Any CPU.Build.0 = Debug|Any CPU
		{A565C046-2B6C-6A09-96C9-8145C983C9EC}.Release|Any CPU.ActiveCfg = Release|Any CPU
		{A565C046-2B6C-6A09-96C9-8145C983C9EC}.Release|Any CPU.Build.0 = Release|Any CPU
		{3408BB36-9CEE-61FC-D520-9BA9486E7960}.Debug|Any CPU.ActiveCfg = Debug|Any CPU
		{3408BB36-9CEE-61FC-D520-9BA9486E7960}.Debug|Any CPU.Build.0 = Debug|Any CPU
		{3408BB36-9CEE-61FC-D520-9BA9486E7960}.Release|Any CPU.ActiveCfg = Release|Any CPU
		{3408BB36-9CEE-61FC-D520-9BA9486E7960}.Release|Any CPU.Build.0 = Release|Any CPU
		{90A03136-3041-0EB5-A592-9FA1A22C11A7}.Debug|Any CPU.ActiveCfg = Debug|Any CPU
		{90A03136-3041-0EB5-A592-9FA1A22C11A7}.Debug|Any CPU.Build.0 = Debug|Any CPU
		{90A03136-3041-0EB5-A592-9FA1A22C11A7}.Release|Any CPU.ActiveCfg = Release|Any CPU
		{90A03136-3041-0EB5-A592-9FA1A22C11A7}.Release|Any CPU.Build.0 = Release|Any CPU
		{250365CF-DD89-6B83-75A5-B3A105609071}.Debug|Any CPU.ActiveCfg = Debug|Any CPU
		{250365CF-DD89-6B83-75A5-B3A105609071}.Debug|Any CPU.Build.0 = Debug|Any CPU
		{250365CF-DD89-6B83-75A5-B3A105609071}.Release|Any CPU.ActiveCfg = Release|Any CPU
		{250365CF-DD89-6B83-75A5-B3A105609071}.Release|Any CPU.Build.0 = Release|Any CPU
		{EF052CF3-DC27-00CC-D9A3-F0072AA7FC16}.Debug|Any CPU.ActiveCfg = Debug|Any CPU
		{EF052CF3-DC27-00CC-D9A3-F0072AA7FC16}.Debug|Any CPU.Build.0 = Debug|Any CPU
		{EF052CF3-DC27-00CC-D9A3-F0072AA7FC16}.Release|Any CPU.ActiveCfg = Release|Any CPU
		{EF052CF3-DC27-00CC-D9A3-F0072AA7FC16}.Release|Any CPU.Build.0 = Release|Any CPU
		{19CF6B29-F8A6-3034-4469-2FF26FD56D91}.Debug|Any CPU.ActiveCfg = Debug|Any CPU
		{19CF6B29-F8A6-3034-4469-2FF26FD56D91}.Debug|Any CPU.Build.0 = Debug|Any CPU
		{19CF6B29-F8A6-3034-4469-2FF26FD56D91}.Release|Any CPU.ActiveCfg = Release|Any CPU
		{19CF6B29-F8A6-3034-4469-2FF26FD56D91}.Release|Any CPU.Build.0 = Release|Any CPU
		{FF0008B0-1E82-F13E-156B-8B4FE31D7726}.Debug|Any CPU.ActiveCfg = Debug|Any CPU
		{FF0008B0-1E82-F13E-156B-8B4FE31D7726}.Debug|Any CPU.Build.0 = Debug|Any CPU
		{FF0008B0-1E82-F13E-156B-8B4FE31D7726}.Release|Any CPU.ActiveCfg = Release|Any CPU
		{FF0008B0-1E82-F13E-156B-8B4FE31D7726}.Release|Any CPU.Build.0 = Release|Any CPU
		{34BB800D-ADCD-338C-95BA-6CC4A4A449F7}.Debug|Any CPU.ActiveCfg = Debug|Any CPU
		{34BB800D-ADCD-338C-95BA-6CC4A4A449F7}.Debug|Any CPU.Build.0 = Debug|Any CPU
		{34BB800D-ADCD-338C-95BA-6CC4A4A449F7}.Release|Any CPU.ActiveCfg = Release|Any CPU
		{34BB800D-ADCD-338C-95BA-6CC4A4A449F7}.Release|Any CPU.Build.0 = Release|Any CPU
		{195A35C9-D6A2-B9B6-60E8-364002755D2B}.Debug|Any CPU.ActiveCfg = Debug|Any CPU
		{195A35C9-D6A2-B9B6-60E8-364002755D2B}.Debug|Any CPU.Build.0 = Debug|Any CPU
		{195A35C9-D6A2-B9B6-60E8-364002755D2B}.Release|Any CPU.ActiveCfg = Release|Any CPU
		{195A35C9-D6A2-B9B6-60E8-364002755D2B}.Release|Any CPU.Build.0 = Release|Any CPU
		{F945DA98-EAC1-48A2-3BFF-55DF63219EAF}.Debug|Any CPU.ActiveCfg = Debug|Any CPU
		{F945DA98-EAC1-48A2-3BFF-55DF63219EAF}.Debug|Any CPU.Build.0 = Debug|Any CPU
		{F945DA98-EAC1-48A2-3BFF-55DF63219EAF}.Release|Any CPU.ActiveCfg = Release|Any CPU
		{F945DA98-EAC1-48A2-3BFF-55DF63219EAF}.Release|Any CPU.Build.0 = Release|Any CPU
		{38FF912F-9813-3E63-6A55-3EBBBE988A32}.Debug|Any CPU.ActiveCfg = Debug|Any CPU
		{38FF912F-9813-3E63-6A55-3EBBBE988A32}.Debug|Any CPU.Build.0 = Debug|Any CPU
		{38FF912F-9813-3E63-6A55-3EBBBE988A32}.Release|Any CPU.ActiveCfg = Release|Any CPU
		{38FF912F-9813-3E63-6A55-3EBBBE988A32}.Release|Any CPU.Build.0 = Release|Any CPU
		{9D8D09B4-75C0-181B-B123-F6B29F7CBAF1}.Debug|Any CPU.ActiveCfg = Debug|Any CPU
		{9D8D09B4-75C0-181B-B123-F6B29F7CBAF1}.Debug|Any CPU.Build.0 = Debug|Any CPU
		{9D8D09B4-75C0-181B-B123-F6B29F7CBAF1}.Release|Any CPU.ActiveCfg = Release|Any CPU
		{9D8D09B4-75C0-181B-B123-F6B29F7CBAF1}.Release|Any CPU.Build.0 = Release|Any CPU
		{0F25DC7D-CADD-BDFD-0443-B8F41E756253}.Debug|Any CPU.ActiveCfg = Debug|Any CPU
		{0F25DC7D-CADD-BDFD-0443-B8F41E756253}.Debug|Any CPU.Build.0 = Debug|Any CPU
		{0F25DC7D-CADD-BDFD-0443-B8F41E756253}.Release|Any CPU.ActiveCfg = Release|Any CPU
		{0F25DC7D-CADD-BDFD-0443-B8F41E756253}.Release|Any CPU.Build.0 = Release|Any CPU
		{44CD93FB-D968-E7B5-EC49-637DF3945FD5}.Debug|Any CPU.ActiveCfg = Debug|Any CPU
		{44CD93FB-D968-E7B5-EC49-637DF3945FD5}.Debug|Any CPU.Build.0 = Debug|Any CPU
		{44CD93FB-D968-E7B5-EC49-637DF3945FD5}.Release|Any CPU.ActiveCfg = Release|Any CPU
		{44CD93FB-D968-E7B5-EC49-637DF3945FD5}.Release|Any CPU.Build.0 = Release|Any CPU
		{AF2BE7BF-B222-05E0-0F4D-699FE16D0E0C}.Debug|Any CPU.ActiveCfg = Debug|Any CPU
		{AF2BE7BF-B222-05E0-0F4D-699FE16D0E0C}.Debug|Any CPU.Build.0 = Debug|Any CPU
		{AF2BE7BF-B222-05E0-0F4D-699FE16D0E0C}.Release|Any CPU.ActiveCfg = Release|Any CPU
		{AF2BE7BF-B222-05E0-0F4D-699FE16D0E0C}.Release|Any CPU.Build.0 = Release|Any CPU
		{AFBE6B0E-CF29-13AE-5B62-AAA7F45C02CF}.Debug|Any CPU.ActiveCfg = Debug|Any CPU
		{AFBE6B0E-CF29-13AE-5B62-AAA7F45C02CF}.Debug|Any CPU.Build.0 = Debug|Any CPU
		{AFBE6B0E-CF29-13AE-5B62-AAA7F45C02CF}.Release|Any CPU.ActiveCfg = Release|Any CPU
		{AFBE6B0E-CF29-13AE-5B62-AAA7F45C02CF}.Release|Any CPU.Build.0 = Release|Any CPU
		{D429C9D3-4AE1-943B-4E26-0AC3FE4448C9}.Debug|Any CPU.ActiveCfg = Debug|Any CPU
		{D429C9D3-4AE1-943B-4E26-0AC3FE4448C9}.Debug|Any CPU.Build.0 = Debug|Any CPU
		{D429C9D3-4AE1-943B-4E26-0AC3FE4448C9}.Release|Any CPU.ActiveCfg = Release|Any CPU
		{D429C9D3-4AE1-943B-4E26-0AC3FE4448C9}.Release|Any CPU.Build.0 = Release|Any CPU
		{918FE2A7-FA56-49AC-99D5-169510BEF986}.Debug|Any CPU.ActiveCfg = Debug|Any CPU
		{918FE2A7-FA56-49AC-99D5-169510BEF986}.Debug|Any CPU.Build.0 = Debug|Any CPU
		{918FE2A7-FA56-49AC-99D5-169510BEF986}.Release|Any CPU.ActiveCfg = Release|Any CPU
		{918FE2A7-FA56-49AC-99D5-169510BEF986}.Release|Any CPU.Build.0 = Release|Any CPU
		{9B60D8AB-82C5-C276-FCB5-77C05CF9FCA1}.Debug|Any CPU.ActiveCfg = Debug|Any CPU
		{9B60D8AB-82C5-C276-FCB5-77C05CF9FCA1}.Debug|Any CPU.Build.0 = Debug|Any CPU
		{9B60D8AB-82C5-C276-FCB5-77C05CF9FCA1}.Release|Any CPU.ActiveCfg = Release|Any CPU
		{9B60D8AB-82C5-C276-FCB5-77C05CF9FCA1}.Release|Any CPU.Build.0 = Release|Any CPU
		{91064E27-6F50-D663-F374-70847118BBEF}.Debug|Any CPU.ActiveCfg = Debug|Any CPU
		{91064E27-6F50-D663-F374-70847118BBEF}.Debug|Any CPU.Build.0 = Debug|Any CPU
		{91064E27-6F50-D663-F374-70847118BBEF}.Release|Any CPU.ActiveCfg = Release|Any CPU
		{91064E27-6F50-D663-F374-70847118BBEF}.Release|Any CPU.Build.0 = Release|Any CPU
		{C73A633B-B02A-59C8-A2CB-BD9BF733A5E0}.Debug|Any CPU.ActiveCfg = Debug|Any CPU
		{C73A633B-B02A-59C8-A2CB-BD9BF733A5E0}.Debug|Any CPU.Build.0 = Debug|Any CPU
		{C73A633B-B02A-59C8-A2CB-BD9BF733A5E0}.Release|Any CPU.ActiveCfg = Release|Any CPU
		{C73A633B-B02A-59C8-A2CB-BD9BF733A5E0}.Release|Any CPU.Build.0 = Release|Any CPU
		{0E86A5F7-DF41-4D34-F838-DCF91F30FFF3}.Debug|Any CPU.ActiveCfg = Debug|Any CPU
		{0E86A5F7-DF41-4D34-F838-DCF91F30FFF3}.Debug|Any CPU.Build.0 = Debug|Any CPU
		{0E86A5F7-DF41-4D34-F838-DCF91F30FFF3}.Release|Any CPU.ActiveCfg = Release|Any CPU
		{0E86A5F7-DF41-4D34-F838-DCF91F30FFF3}.Release|Any CPU.Build.0 = Release|Any CPU
		{51DB4B47-5BF3-0A09-DBFB-99051E3942F9}.Debug|Any CPU.ActiveCfg = Debug|Any CPU
		{51DB4B47-5BF3-0A09-DBFB-99051E3942F9}.Debug|Any CPU.Build.0 = Debug|Any CPU
		{51DB4B47-5BF3-0A09-DBFB-99051E3942F9}.Release|Any CPU.ActiveCfg = Release|Any CPU
		{51DB4B47-5BF3-0A09-DBFB-99051E3942F9}.Release|Any CPU.Build.0 = Release|Any CPU
		{31F4DB42-BEF8-562D-DA4E-CF929AF380E4}.Debug|Any CPU.ActiveCfg = Debug|Any CPU
		{31F4DB42-BEF8-562D-DA4E-CF929AF380E4}.Debug|Any CPU.Build.0 = Debug|Any CPU
		{31F4DB42-BEF8-562D-DA4E-CF929AF380E4}.Release|Any CPU.ActiveCfg = Release|Any CPU
		{31F4DB42-BEF8-562D-DA4E-CF929AF380E4}.Release|Any CPU.Build.0 = Release|Any CPU
		{0CC049C7-2671-4C92-9A44-32E2FF81A2A8}.Debug|Any CPU.ActiveCfg = Debug|Any CPU
		{0CC049C7-2671-4C92-9A44-32E2FF81A2A8}.Debug|Any CPU.Build.0 = Debug|Any CPU
		{0CC049C7-2671-4C92-9A44-32E2FF81A2A8}.Release|Any CPU.ActiveCfg = Release|Any CPU
		{0CC049C7-2671-4C92-9A44-32E2FF81A2A8}.Release|Any CPU.Build.0 = Release|Any CPU
		{86CA1BD2-DDDC-BF7E-D75D-A967E88A5CC8}.Debug|Any CPU.ActiveCfg = Debug|Any CPU
		{86CA1BD2-DDDC-BF7E-D75D-A967E88A5CC8}.Debug|Any CPU.Build.0 = Debug|Any CPU
		{86CA1BD2-DDDC-BF7E-D75D-A967E88A5CC8}.Release|Any CPU.ActiveCfg = Release|Any CPU
		{86CA1BD2-DDDC-BF7E-D75D-A967E88A5CC8}.Release|Any CPU.Build.0 = Release|Any CPU
		{1ED32093-3CC0-31B2-B98B-FD54B3EEE939}.Debug|Any CPU.ActiveCfg = Debug|Any CPU
		{1ED32093-3CC0-31B2-B98B-FD54B3EEE939}.Debug|Any CPU.Build.0 = Debug|Any CPU
		{1ED32093-3CC0-31B2-B98B-FD54B3EEE939}.Release|Any CPU.ActiveCfg = Release|Any CPU
		{1ED32093-3CC0-31B2-B98B-FD54B3EEE939}.Release|Any CPU.Build.0 = Release|Any CPU
		{E499ADAA-C38D-ED7C-53B5-E7719F08FC39}.Debug|Any CPU.ActiveCfg = Debug|Any CPU
		{E499ADAA-C38D-ED7C-53B5-E7719F08FC39}.Debug|Any CPU.Build.0 = Debug|Any CPU
		{E499ADAA-C38D-ED7C-53B5-E7719F08FC39}.Release|Any CPU.ActiveCfg = Release|Any CPU
		{E499ADAA-C38D-ED7C-53B5-E7719F08FC39}.Release|Any CPU.Build.0 = Release|Any CPU
		{458FCCA5-CC03-283F-A096-A9552F645EB9}.Debug|Any CPU.ActiveCfg = Debug|Any CPU
		{458FCCA5-CC03-283F-A096-A9552F645EB9}.Debug|Any CPU.Build.0 = Debug|Any CPU
		{458FCCA5-CC03-283F-A096-A9552F645EB9}.Release|Any CPU.ActiveCfg = Release|Any CPU
		{458FCCA5-CC03-283F-A096-A9552F645EB9}.Release|Any CPU.Build.0 = Release|Any CPU
		{B7EB4166-B20A-6B9D-AF4A-BF481EEF2EC6}.Debug|Any CPU.ActiveCfg = Debug|Any CPU
		{B7EB4166-B20A-6B9D-AF4A-BF481EEF2EC6}.Debug|Any CPU.Build.0 = Debug|Any CPU
		{B7EB4166-B20A-6B9D-AF4A-BF481EEF2EC6}.Release|Any CPU.ActiveCfg = Release|Any CPU
		{B7EB4166-B20A-6B9D-AF4A-BF481EEF2EC6}.Release|Any CPU.Build.0 = Release|Any CPU
		{30A05DF6-AB9D-6100-E08D-F06C3BD73666}.Debug|Any CPU.ActiveCfg = Debug|Any CPU
		{30A05DF6-AB9D-6100-E08D-F06C3BD73666}.Debug|Any CPU.Build.0 = Debug|Any CPU
		{30A05DF6-AB9D-6100-E08D-F06C3BD73666}.Release|Any CPU.ActiveCfg = Release|Any CPU
		{30A05DF6-AB9D-6100-E08D-F06C3BD73666}.Release|Any CPU.Build.0 = Release|Any CPU
		{B17A008D-3C59-F141-7AE6-8647BE5F7F7D}.Debug|Any CPU.ActiveCfg = Debug|Any CPU
		{B17A008D-3C59-F141-7AE6-8647BE5F7F7D}.Debug|Any CPU.Build.0 = Debug|Any CPU
		{B17A008D-3C59-F141-7AE6-8647BE5F7F7D}.Release|Any CPU.ActiveCfg = Release|Any CPU
		{B17A008D-3C59-F141-7AE6-8647BE5F7F7D}.Release|Any CPU.Build.0 = Release|Any CPU
		{32112E1C-6FC7-AA5D-4725-F85A4B87EE48}.Debug|Any CPU.ActiveCfg = Debug|Any CPU
		{32112E1C-6FC7-AA5D-4725-F85A4B87EE48}.Debug|Any CPU.Build.0 = Debug|Any CPU
		{32112E1C-6FC7-AA5D-4725-F85A4B87EE48}.Release|Any CPU.ActiveCfg = Release|Any CPU
		{32112E1C-6FC7-AA5D-4725-F85A4B87EE48}.Release|Any CPU.Build.0 = Release|Any CPU
		{8B6DA032-1057-E2D0-B247-E2ABB57F1750}.Debug|Any CPU.ActiveCfg = Debug|Any CPU
		{8B6DA032-1057-E2D0-B247-E2ABB57F1750}.Debug|Any CPU.Build.0 = Debug|Any CPU
		{8B6DA032-1057-E2D0-B247-E2ABB57F1750}.Release|Any CPU.ActiveCfg = Release|Any CPU
		{8B6DA032-1057-E2D0-B247-E2ABB57F1750}.Release|Any CPU.Build.0 = Release|Any CPU
		{0F00119A-A9B3-2067-F71F-35CB2D0D5C9D}.Debug|Any CPU.ActiveCfg = Debug|Any CPU
		{0F00119A-A9B3-2067-F71F-35CB2D0D5C9D}.Debug|Any CPU.Build.0 = Debug|Any CPU
		{0F00119A-A9B3-2067-F71F-35CB2D0D5C9D}.Release|Any CPU.ActiveCfg = Release|Any CPU
		{0F00119A-A9B3-2067-F71F-35CB2D0D5C9D}.Release|Any CPU.Build.0 = Release|Any CPU
		{B9A22926-6125-258C-20BA-024D34BD15DD}.Debug|Any CPU.ActiveCfg = Debug|Any CPU
		{B9A22926-6125-258C-20BA-024D34BD15DD}.Debug|Any CPU.Build.0 = Debug|Any CPU
		{B9A22926-6125-258C-20BA-024D34BD15DD}.Release|Any CPU.ActiveCfg = Release|Any CPU
		{B9A22926-6125-258C-20BA-024D34BD15DD}.Release|Any CPU.Build.0 = Release|Any CPU
		{0E265987-D80B-BBB5-ADA0-0378642173B9}.Debug|Any CPU.ActiveCfg = Debug|Any CPU
		{0E265987-D80B-BBB5-ADA0-0378642173B9}.Debug|Any CPU.Build.0 = Debug|Any CPU
		{0E265987-D80B-BBB5-ADA0-0378642173B9}.Release|Any CPU.ActiveCfg = Release|Any CPU
		{0E265987-D80B-BBB5-ADA0-0378642173B9}.Release|Any CPU.Build.0 = Release|Any CPU
		{A9BEFF05-4DF9-D563-5434-2D4A08084371}.Debug|Any CPU.ActiveCfg = Debug|Any CPU
		{A9BEFF05-4DF9-D563-5434-2D4A08084371}.Debug|Any CPU.Build.0 = Debug|Any CPU
		{A9BEFF05-4DF9-D563-5434-2D4A08084371}.Release|Any CPU.ActiveCfg = Release|Any CPU
		{A9BEFF05-4DF9-D563-5434-2D4A08084371}.Release|Any CPU.Build.0 = Release|Any CPU
		{55AB72D6-9666-0F22-FC18-B8E0B1121AF3}.Debug|Any CPU.ActiveCfg = Debug|Any CPU
		{55AB72D6-9666-0F22-FC18-B8E0B1121AF3}.Debug|Any CPU.Build.0 = Debug|Any CPU
		{55AB72D6-9666-0F22-FC18-B8E0B1121AF3}.Release|Any CPU.ActiveCfg = Release|Any CPU
		{55AB72D6-9666-0F22-FC18-B8E0B1121AF3}.Release|Any CPU.Build.0 = Release|Any CPU
		{88BA24CC-0F85-9FDE-0034-F4603A87C313}.Debug|Any CPU.ActiveCfg = Debug|Any CPU
		{88BA24CC-0F85-9FDE-0034-F4603A87C313}.Debug|Any CPU.Build.0 = Debug|Any CPU
		{88BA24CC-0F85-9FDE-0034-F4603A87C313}.Release|Any CPU.ActiveCfg = Release|Any CPU
		{88BA24CC-0F85-9FDE-0034-F4603A87C313}.Release|Any CPU.Build.0 = Release|Any CPU
		{771AC626-A878-C944-1FCD-E4398FA41850}.Debug|Any CPU.ActiveCfg = Debug|Any CPU
		{771AC626-A878-C944-1FCD-E4398FA41850}.Debug|Any CPU.Build.0 = Debug|Any CPU
		{771AC626-A878-C944-1FCD-E4398FA41850}.Release|Any CPU.ActiveCfg = Release|Any CPU
		{771AC626-A878-C944-1FCD-E4398FA41850}.Release|Any CPU.Build.0 = Release|Any CPU
		{9F953C16-0226-0018-945D-EAB2F2EFDCF0}.Debug|Any CPU.ActiveCfg = Debug|Any CPU
		{9F953C16-0226-0018-945D-EAB2F2EFDCF0}.Debug|Any CPU.Build.0 = Debug|Any CPU
		{9F953C16-0226-0018-945D-EAB2F2EFDCF0}.Release|Any CPU.ActiveCfg = Release|Any CPU
		{9F953C16-0226-0018-945D-EAB2F2EFDCF0}.Release|Any CPU.Build.0 = Release|Any CPU
		{6B08C792-8975-D9AF-B374-0F0711A3FD5C}.Debug|Any CPU.ActiveCfg = Debug|Any CPU
		{6B08C792-8975-D9AF-B374-0F0711A3FD5C}.Debug|Any CPU.Build.0 = Debug|Any CPU
		{6B08C792-8975-D9AF-B374-0F0711A3FD5C}.Release|Any CPU.ActiveCfg = Release|Any CPU
		{6B08C792-8975-D9AF-B374-0F0711A3FD5C}.Release|Any CPU.Build.0 = Release|Any CPU
		{3828911B-1C1E-ECA1-4218-5DC7E53877D7}.Debug|Any CPU.ActiveCfg = Debug|Any CPU
		{3828911B-1C1E-ECA1-4218-5DC7E53877D7}.Debug|Any CPU.Build.0 = Debug|Any CPU
		{3828911B-1C1E-ECA1-4218-5DC7E53877D7}.Release|Any CPU.ActiveCfg = Release|Any CPU
		{3828911B-1C1E-ECA1-4218-5DC7E53877D7}.Release|Any CPU.Build.0 = Release|Any CPU
		{6292E6CA-BCE0-7EEE-1BFE-0523060AB084}.Debug|Any CPU.ActiveCfg = Debug|Any CPU
		{6292E6CA-BCE0-7EEE-1BFE-0523060AB084}.Debug|Any CPU.Build.0 = Debug|Any CPU
		{6292E6CA-BCE0-7EEE-1BFE-0523060AB084}.Release|Any CPU.ActiveCfg = Release|Any CPU
		{6292E6CA-BCE0-7EEE-1BFE-0523060AB084}.Release|Any CPU.Build.0 = Release|Any CPU
		{7BC3A407-6C78-FB16-7F71-613CEDC0EEC9}.Debug|Any CPU.ActiveCfg = Debug|Any CPU
		{7BC3A407-6C78-FB16-7F71-613CEDC0EEC9}.Debug|Any CPU.Build.0 = Debug|Any CPU
		{7BC3A407-6C78-FB16-7F71-613CEDC0EEC9}.Release|Any CPU.ActiveCfg = Release|Any CPU
		{7BC3A407-6C78-FB16-7F71-613CEDC0EEC9}.Release|Any CPU.Build.0 = Release|Any CPU
		{41230113-E796-5FC0-6745-A188E2B17F1C}.Debug|Any CPU.ActiveCfg = Debug|Any CPU
		{41230113-E796-5FC0-6745-A188E2B17F1C}.Debug|Any CPU.Build.0 = Debug|Any CPU
		{41230113-E796-5FC0-6745-A188E2B17F1C}.Release|Any CPU.ActiveCfg = Release|Any CPU
		{41230113-E796-5FC0-6745-A188E2B17F1C}.Release|Any CPU.Build.0 = Release|Any CPU
		{B9ACC550-41EB-F5E3-A96F-FB4FA5ACA133}.Debug|Any CPU.ActiveCfg = Debug|Any CPU
		{B9ACC550-41EB-F5E3-A96F-FB4FA5ACA133}.Debug|Any CPU.Build.0 = Debug|Any CPU
		{B9ACC550-41EB-F5E3-A96F-FB4FA5ACA133}.Release|Any CPU.ActiveCfg = Release|Any CPU
		{B9ACC550-41EB-F5E3-A96F-FB4FA5ACA133}.Release|Any CPU.Build.0 = Release|Any CPU
		{9AA8C78F-4E36-551D-037C-1EA663D0E3E6}.Debug|Any CPU.ActiveCfg = Debug|Any CPU
		{9AA8C78F-4E36-551D-037C-1EA663D0E3E6}.Debug|Any CPU.Build.0 = Debug|Any CPU
		{9AA8C78F-4E36-551D-037C-1EA663D0E3E6}.Release|Any CPU.ActiveCfg = Release|Any CPU
		{9AA8C78F-4E36-551D-037C-1EA663D0E3E6}.Release|Any CPU.Build.0 = Release|Any CPU
		{5CF21F8F-8D9C-EB7E-1E02-B8A666FA3B52}.Debug|Any CPU.ActiveCfg = Debug|Any CPU
		{5CF21F8F-8D9C-EB7E-1E02-B8A666FA3B52}.Debug|Any CPU.Build.0 = Debug|Any CPU
		{5CF21F8F-8D9C-EB7E-1E02-B8A666FA3B52}.Release|Any CPU.ActiveCfg = Release|Any CPU
		{5CF21F8F-8D9C-EB7E-1E02-B8A666FA3B52}.Release|Any CPU.Build.0 = Release|Any CPU
		{54EFD113-CA36-A184-5D8B-1A736648BD0B}.Debug|Any CPU.ActiveCfg = Debug|Any CPU
		{54EFD113-CA36-A184-5D8B-1A736648BD0B}.Debug|Any CPU.Build.0 = Debug|Any CPU
		{54EFD113-CA36-A184-5D8B-1A736648BD0B}.Release|Any CPU.ActiveCfg = Release|Any CPU
		{54EFD113-CA36-A184-5D8B-1A736648BD0B}.Release|Any CPU.Build.0 = Release|Any CPU
		{F0C29A77-33AA-1DA2-8905-D289E72FE710}.Debug|Any CPU.ActiveCfg = Debug|Any CPU
		{F0C29A77-33AA-1DA2-8905-D289E72FE710}.Debug|Any CPU.Build.0 = Debug|Any CPU
		{F0C29A77-33AA-1DA2-8905-D289E72FE710}.Release|Any CPU.ActiveCfg = Release|Any CPU
		{F0C29A77-33AA-1DA2-8905-D289E72FE710}.Release|Any CPU.Build.0 = Release|Any CPU
		{FB3CB86B-9E0E-B41A-50FE-4F6E76CC4B0B}.Debug|Any CPU.ActiveCfg = Debug|Any CPU
		{FB3CB86B-9E0E-B41A-50FE-4F6E76CC4B0B}.Debug|Any CPU.Build.0 = Debug|Any CPU
		{FB3CB86B-9E0E-B41A-50FE-4F6E76CC4B0B}.Release|Any CPU.ActiveCfg = Release|Any CPU
		{FB3CB86B-9E0E-B41A-50FE-4F6E76CC4B0B}.Release|Any CPU.Build.0 = Release|Any CPU
		{C5AFC35C-D039-1FEF-527E-7F7A2F3A6D07}.Debug|Any CPU.ActiveCfg = Debug|Any CPU
		{C5AFC35C-D039-1FEF-527E-7F7A2F3A6D07}.Debug|Any CPU.Build.0 = Debug|Any CPU
		{C5AFC35C-D039-1FEF-527E-7F7A2F3A6D07}.Release|Any CPU.ActiveCfg = Release|Any CPU
		{C5AFC35C-D039-1FEF-527E-7F7A2F3A6D07}.Release|Any CPU.Build.0 = Release|Any CPU
		{473EBF57-6C0E-436F-7280-3F4CED17C88D}.Debug|Any CPU.ActiveCfg = Debug|Any CPU
		{473EBF57-6C0E-436F-7280-3F4CED17C88D}.Debug|Any CPU.Build.0 = Debug|Any CPU
		{473EBF57-6C0E-436F-7280-3F4CED17C88D}.Release|Any CPU.ActiveCfg = Release|Any CPU
		{473EBF57-6C0E-436F-7280-3F4CED17C88D}.Release|Any CPU.Build.0 = Release|Any CPU
		{3D5753BC-4BD5-CDDE-18E1-B35917268470}.Debug|Any CPU.ActiveCfg = Debug|Any CPU
		{3D5753BC-4BD5-CDDE-18E1-B35917268470}.Debug|Any CPU.Build.0 = Debug|Any CPU
		{3D5753BC-4BD5-CDDE-18E1-B35917268470}.Release|Any CPU.ActiveCfg = Release|Any CPU
		{3D5753BC-4BD5-CDDE-18E1-B35917268470}.Release|Any CPU.Build.0 = Release|Any CPU
		{27FA040B-F5E5-0C96-1B85-BDF84A27A131}.Debug|Any CPU.ActiveCfg = Debug|Any CPU
		{27FA040B-F5E5-0C96-1B85-BDF84A27A131}.Debug|Any CPU.Build.0 = Debug|Any CPU
		{27FA040B-F5E5-0C96-1B85-BDF84A27A131}.Release|Any CPU.ActiveCfg = Release|Any CPU
		{27FA040B-F5E5-0C96-1B85-BDF84A27A131}.Release|Any CPU.Build.0 = Release|Any CPU
		{468251DD-0C20-7866-A3DE-CA24A8CE3695}.Debug|Any CPU.ActiveCfg = Debug|Any CPU
		{468251DD-0C20-7866-A3DE-CA24A8CE3695}.Debug|Any CPU.Build.0 = Debug|Any CPU
		{468251DD-0C20-7866-A3DE-CA24A8CE3695}.Release|Any CPU.ActiveCfg = Release|Any CPU
		{468251DD-0C20-7866-A3DE-CA24A8CE3695}.Release|Any CPU.Build.0 = Release|Any CPU
		{874F912C-7E4E-0148-2DA1-85BFFB7D9F96}.Debug|Any CPU.ActiveCfg = Debug|Any CPU
		{874F912C-7E4E-0148-2DA1-85BFFB7D9F96}.Debug|Any CPU.Build.0 = Debug|Any CPU
		{874F912C-7E4E-0148-2DA1-85BFFB7D9F96}.Release|Any CPU.ActiveCfg = Release|Any CPU
		{874F912C-7E4E-0148-2DA1-85BFFB7D9F96}.Release|Any CPU.Build.0 = Release|Any CPU
		{9E9AC3BB-6493-723A-1C63-F3F7B66F3806}.Debug|Any CPU.ActiveCfg = Debug|Any CPU
		{9E9AC3BB-6493-723A-1C63-F3F7B66F3806}.Debug|Any CPU.Build.0 = Debug|Any CPU
		{9E9AC3BB-6493-723A-1C63-F3F7B66F3806}.Release|Any CPU.ActiveCfg = Release|Any CPU
		{9E9AC3BB-6493-723A-1C63-F3F7B66F3806}.Release|Any CPU.Build.0 = Release|Any CPU
		{DE724DAD-9B82-5834-DF4A-DE49D0AE4D50}.Debug|Any CPU.ActiveCfg = Debug|Any CPU
		{DE724DAD-9B82-5834-DF4A-DE49D0AE4D50}.Debug|Any CPU.Build.0 = Debug|Any CPU
		{DE724DAD-9B82-5834-DF4A-DE49D0AE4D50}.Release|Any CPU.ActiveCfg = Release|Any CPU
		{DE724DAD-9B82-5834-DF4A-DE49D0AE4D50}.Release|Any CPU.Build.0 = Release|Any CPU
		{5B846BF9-BA56-E561-10DE-065FD150B2C3}.Debug|Any CPU.ActiveCfg = Debug|Any CPU
		{5B846BF9-BA56-E561-10DE-065FD150B2C3}.Debug|Any CPU.Build.0 = Debug|Any CPU
		{5B846BF9-BA56-E561-10DE-065FD150B2C3}.Release|Any CPU.ActiveCfg = Release|Any CPU
		{5B846BF9-BA56-E561-10DE-065FD150B2C3}.Release|Any CPU.Build.0 = Release|Any CPU
		{CE357ED3-64E4-5676-B70A-ECE4BB3F9937}.Debug|Any CPU.ActiveCfg = Debug|Any CPU
		{CE357ED3-64E4-5676-B70A-ECE4BB3F9937}.Debug|Any CPU.Build.0 = Debug|Any CPU
		{CE357ED3-64E4-5676-B70A-ECE4BB3F9937}.Release|Any CPU.ActiveCfg = Release|Any CPU
		{CE357ED3-64E4-5676-B70A-ECE4BB3F9937}.Release|Any CPU.Build.0 = Release|Any CPU
		{92F6CE10-BABC-B4FD-3FFC-F2B5ED7802CB}.Debug|Any CPU.ActiveCfg = Debug|Any CPU
		{92F6CE10-BABC-B4FD-3FFC-F2B5ED7802CB}.Debug|Any CPU.Build.0 = Debug|Any CPU
		{92F6CE10-BABC-B4FD-3FFC-F2B5ED7802CB}.Release|Any CPU.ActiveCfg = Release|Any CPU
		{92F6CE10-BABC-B4FD-3FFC-F2B5ED7802CB}.Release|Any CPU.Build.0 = Release|Any CPU
		{A6C51D95-7D64-4A75-E98F-E24CC80DFE38}.Debug|Any CPU.ActiveCfg = Debug|Any CPU
		{A6C51D95-7D64-4A75-E98F-E24CC80DFE38}.Debug|Any CPU.Build.0 = Debug|Any CPU
		{A6C51D95-7D64-4A75-E98F-E24CC80DFE38}.Release|Any CPU.ActiveCfg = Release|Any CPU
		{A6C51D95-7D64-4A75-E98F-E24CC80DFE38}.Release|Any CPU.Build.0 = Release|Any CPU
		{D70A868B-C3F8-5A51-1044-0A29336A59B9}.Debug|Any CPU.ActiveCfg = Debug|Any CPU
		{D70A868B-C3F8-5A51-1044-0A29336A59B9}.Debug|Any CPU.Build.0 = Debug|Any CPU
		{D70A868B-C3F8-5A51-1044-0A29336A59B9}.Release|Any CPU.ActiveCfg = Release|Any CPU
		{D70A868B-C3F8-5A51-1044-0A29336A59B9}.Release|Any CPU.Build.0 = Release|Any CPU
		{901805E0-EE5F-4D0C-2B55-BFB57E62A805}.Debug|Any CPU.ActiveCfg = Debug|Any CPU
		{901805E0-EE5F-4D0C-2B55-BFB57E62A805}.Debug|Any CPU.Build.0 = Debug|Any CPU
		{901805E0-EE5F-4D0C-2B55-BFB57E62A805}.Release|Any CPU.ActiveCfg = Release|Any CPU
		{901805E0-EE5F-4D0C-2B55-BFB57E62A805}.Release|Any CPU.Build.0 = Release|Any CPU
		{2E9073B4-1521-7D28-F5D4-1409EE9A7DC1}.Debug|Any CPU.ActiveCfg = Debug|Any CPU
		{2E9073B4-1521-7D28-F5D4-1409EE9A7DC1}.Debug|Any CPU.Build.0 = Debug|Any CPU
		{2E9073B4-1521-7D28-F5D4-1409EE9A7DC1}.Release|Any CPU.ActiveCfg = Release|Any CPU
		{2E9073B4-1521-7D28-F5D4-1409EE9A7DC1}.Release|Any CPU.Build.0 = Release|Any CPU
		{9207352B-104F-EBA1-4245-2B656BF309EC}.Debug|Any CPU.ActiveCfg = Debug|Any CPU
		{9207352B-104F-EBA1-4245-2B656BF309EC}.Debug|Any CPU.Build.0 = Debug|Any CPU
		{9207352B-104F-EBA1-4245-2B656BF309EC}.Release|Any CPU.ActiveCfg = Release|Any CPU
		{9207352B-104F-EBA1-4245-2B656BF309EC}.Release|Any CPU.Build.0 = Release|Any CPU
		{79D079C2-D6C2-0303-F23E-30DC7AFE702A}.Debug|Any CPU.ActiveCfg = Debug|Any CPU
		{79D079C2-D6C2-0303-F23E-30DC7AFE702A}.Debug|Any CPU.Build.0 = Debug|Any CPU
		{79D079C2-D6C2-0303-F23E-30DC7AFE702A}.Release|Any CPU.ActiveCfg = Release|Any CPU
		{79D079C2-D6C2-0303-F23E-30DC7AFE702A}.Release|Any CPU.Build.0 = Release|Any CPU
		{25852CC3-52C0-9A78-191A-483F35065497}.Debug|Any CPU.ActiveCfg = Debug|Any CPU
		{25852CC3-52C0-9A78-191A-483F35065497}.Debug|Any CPU.Build.0 = Debug|Any CPU
		{25852CC3-52C0-9A78-191A-483F35065497}.Release|Any CPU.ActiveCfg = Release|Any CPU
		{25852CC3-52C0-9A78-191A-483F35065497}.Release|Any CPU.Build.0 = Release|Any CPU
		{6F4A8D3C-DE75-04E3-29C0-9532A4234172}.Debug|Any CPU.ActiveCfg = Debug|Any CPU
		{6F4A8D3C-DE75-04E3-29C0-9532A4234172}.Debug|Any CPU.Build.0 = Debug|Any CPU
		{6F4A8D3C-DE75-04E3-29C0-9532A4234172}.Release|Any CPU.ActiveCfg = Release|Any CPU
		{6F4A8D3C-DE75-04E3-29C0-9532A4234172}.Release|Any CPU.Build.0 = Release|Any CPU
		{C3CA0DD8-6793-D8FE-9A11-088C717E3C87}.Debug|Any CPU.ActiveCfg = Debug|Any CPU
		{C3CA0DD8-6793-D8FE-9A11-088C717E3C87}.Debug|Any CPU.Build.0 = Debug|Any CPU
		{C3CA0DD8-6793-D8FE-9A11-088C717E3C87}.Release|Any CPU.ActiveCfg = Release|Any CPU
		{C3CA0DD8-6793-D8FE-9A11-088C717E3C87}.Release|Any CPU.Build.0 = Release|Any CPU
		{24F084AC-AD9B-4930-759E-0332DB3463B6}.Debug|Any CPU.ActiveCfg = Debug|Any CPU
		{24F084AC-AD9B-4930-759E-0332DB3463B6}.Debug|Any CPU.Build.0 = Debug|Any CPU
		{24F084AC-AD9B-4930-759E-0332DB3463B6}.Release|Any CPU.ActiveCfg = Release|Any CPU
		{24F084AC-AD9B-4930-759E-0332DB3463B6}.Release|Any CPU.Build.0 = Release|Any CPU
		{FC7440CB-154B-11D8-706A-A9D2618BFB16}.Debug|Any CPU.ActiveCfg = Debug|Any CPU
		{FC7440CB-154B-11D8-706A-A9D2618BFB16}.Debug|Any CPU.Build.0 = Debug|Any CPU
		{FC7440CB-154B-11D8-706A-A9D2618BFB16}.Release|Any CPU.ActiveCfg = Release|Any CPU
		{FC7440CB-154B-11D8-706A-A9D2618BFB16}.Release|Any CPU.Build.0 = Release|Any CPU
		{97E50CEC-22D2-3424-1581-9E3002FAB083}.Debug|Any CPU.ActiveCfg = Debug|Any CPU
		{97E50CEC-22D2-3424-1581-9E3002FAB083}.Debug|Any CPU.Build.0 = Debug|Any CPU
		{97E50CEC-22D2-3424-1581-9E3002FAB083}.Release|Any CPU.ActiveCfg = Release|Any CPU
		{97E50CEC-22D2-3424-1581-9E3002FAB083}.Release|Any CPU.Build.0 = Release|Any CPU
		{6B371DB3-779A-A3A3-EDCC-A07DFC2640FD}.Debug|Any CPU.ActiveCfg = Debug|Any CPU
		{6B371DB3-779A-A3A3-EDCC-A07DFC2640FD}.Debug|Any CPU.Build.0 = Debug|Any CPU
		{6B371DB3-779A-A3A3-EDCC-A07DFC2640FD}.Release|Any CPU.ActiveCfg = Release|Any CPU
		{6B371DB3-779A-A3A3-EDCC-A07DFC2640FD}.Release|Any CPU.Build.0 = Release|Any CPU
		{0037A9A8-39BA-FDB5-EAF9-9FD57118CD5E}.Debug|Any CPU.ActiveCfg = Debug|Any CPU
		{0037A9A8-39BA-FDB5-EAF9-9FD57118CD5E}.Debug|Any CPU.Build.0 = Debug|Any CPU
		{0037A9A8-39BA-FDB5-EAF9-9FD57118CD5E}.Release|Any CPU.ActiveCfg = Release|Any CPU
		{0037A9A8-39BA-FDB5-EAF9-9FD57118CD5E}.Release|Any CPU.Build.0 = Release|Any CPU
		{DB13D9FC-8833-A3A3-3772-49A381697C9E}.Debug|Any CPU.ActiveCfg = Debug|Any CPU
		{DB13D9FC-8833-A3A3-3772-49A381697C9E}.Debug|Any CPU.Build.0 = Debug|Any CPU
		{DB13D9FC-8833-A3A3-3772-49A381697C9E}.Release|Any CPU.ActiveCfg = Release|Any CPU
		{DB13D9FC-8833-A3A3-3772-49A381697C9E}.Release|Any CPU.Build.0 = Release|Any CPU
		{7970B687-CAA8-CE70-E25C-9A5F956943A9}.Debug|Any CPU.ActiveCfg = Debug|Any CPU
		{7970B687-CAA8-CE70-E25C-9A5F956943A9}.Debug|Any CPU.Build.0 = Debug|Any CPU
		{7970B687-CAA8-CE70-E25C-9A5F956943A9}.Release|Any CPU.ActiveCfg = Release|Any CPU
		{7970B687-CAA8-CE70-E25C-9A5F956943A9}.Release|Any CPU.Build.0 = Release|Any CPU
		{C968C495-D5DE-4BAC-ACBB-B4BD125D7153}.Debug|Any CPU.ActiveCfg = Debug|Any CPU
		{C968C495-D5DE-4BAC-ACBB-B4BD125D7153}.Debug|Any CPU.Build.0 = Debug|Any CPU
		{C968C495-D5DE-4BAC-ACBB-B4BD125D7153}.Release|Any CPU.ActiveCfg = Release|Any CPU
		{C968C495-D5DE-4BAC-ACBB-B4BD125D7153}.Release|Any CPU.Build.0 = Release|Any CPU
	EndGlobalSection
	GlobalSection(SolutionProperties) = preSolution
		HideSolutionNode = FALSE
	EndGlobalSection
EndGlobal
