
Microsoft Visual Studio Solution File, Format Version 12.00
# Visual Studio 15
Project("{FAE04EC0-301F-11D3-BF4B-00C04F79EFBC}") = "Unity.ProBuilder.Examples.Editor", "Unity.ProBuilder.Examples.Editor.csproj", "{4963A119-C9D1-67DC-DCD8-1080CC5696FB}"
EndProject
Project("{FAE04EC0-301F-11D3-BF4B-00C04F79EFBC}") = "com.rlabrecque.steamworks.net", "com.rlabrecque.steamworks.net.csproj", "{A565C046-2B6C-6A09-96C9-8145C983C9EC}"
EndProject
Project("{FAE04EC0-301F-11D3-BF4B-00C04F79EFBC}") = "Assembly-CSharp", "Assembly-CSharp.csproj", "{9B60D8AB-82C5-C276-FCB5-77C05CF9FCA1}"
EndProject
Project("{FAE04EC0-301F-11D3-BF4B-00C04F79EFBC}") = "Unity.ProBuilder.Examples", "Unity.ProBuilder.Examples.csproj", "{3DD4C674-24A3-C1B7-6EA4-FFF681BDA4D9}"
EndProject
Project("{FAE04EC0-301F-11D3-BF4B-00C04F79EFBC}") = "Assembly-CSharp-Editor", "Assembly-CSharp-Editor.csproj", "{771AC626-A878-C944-1FCD-E4398FA41850}"
EndProject
Project("{FAE04EC0-301F-11D3-BF4B-00C04F79EFBC}") = "com.rlabrecque.steamworks.net.editor", "com.rlabrecque.steamworks.net.editor.csproj", "{6B08C792-8975-D9AF-B374-0F0711A3FD5C}"
EndProject
Global
	GlobalSection(SolutionConfigurationPlatforms) = preSolution
		Debug|Any CPU = Debug|Any CPU
		Release|Any CPU = Release|Any CPU
	EndGlobalSection
	GlobalSection(ProjectConfigurationPlatforms) = postSolution
		{4963A119-C9D1-67DC-DCD8-1080CC5696FB}.Debug|Any CPU.ActiveCfg = Debug|Any CPU
		{4963A119-C9D1-67DC-DCD8-1080CC5696FB}.Debug|Any CPU.Build.0 = Debug|Any CPU
		{4963A119-C9D1-67DC-DCD8-1080CC5696FB}.Release|Any CPU.ActiveCfg = Release|Any CPU
		{4963A119-C9D1-67DC-DCD8-1080CC5696FB}.Release|Any CPU.Build.0 = Release|Any CPU
		{A565C046-2B6C-6A09-96C9-8145C983C9EC}.Debug|Any CPU.ActiveCfg = Debug|Any CPU
		{A565C046-2B6C-6A09-96C9-8145C983C9EC}.Debug|Any CPU.Build.0 = Debug|Any CPU
		{A565C046-2B6C-6A09-96C9-8145C983C9EC}.Release|Any CPU.ActiveCfg = Release|Any CPU
		{A565C046-2B6C-6A09-96C9-8145C983C9EC}.Release|Any CPU.Build.0 = Release|Any CPU
		{9B60D8AB-82C5-C276-FCB5-77C05CF9FCA1}.Debug|Any CPU.ActiveCfg = Debug|Any CPU
		{9B60D8AB-82C5-C276-FCB5-77C05CF9FCA1}.Debug|Any CPU.Build.0 = Debug|Any CPU
		{9B60D8AB-82C5-C276-FCB5-77C05CF9FCA1}.Release|Any CPU.ActiveCfg = Release|Any CPU
		{9B60D8AB-82C5-C276-FCB5-77C05CF9FCA1}.Release|Any CPU.Build.0 = Release|Any CPU
		{3DD4C674-24A3-C1B7-6EA4-FFF681BDA4D9}.Debug|Any CPU.ActiveCfg = Debug|Any CPU
		{3DD4C674-24A3-C1B7-6EA4-FFF681BDA4D9}.Debug|Any CPU.Build.0 = Debug|Any CPU
		{3DD4C674-24A3-C1B7-6EA4-FFF681BDA4D9}.Release|Any CPU.ActiveCfg = Release|Any CPU
		{3DD4C674-24A3-C1B7-6EA4-FFF681BDA4D9}.Release|Any CPU.Build.0 = Release|Any CPU
		{771AC626-A878-C944-1FCD-E4398FA41850}.Debug|Any CPU.ActiveCfg = Debug|Any CPU
		{771AC626-A878-C944-1FCD-E4398FA41850}.Debug|Any CPU.Build.0 = Debug|Any CPU
		{771AC626-A878-C944-1FCD-E4398FA41850}.Release|Any CPU.ActiveCfg = Release|Any CPU
		{771AC626-A878-C944-1FCD-E4398FA41850}.Release|Any CPU.Build.0 = Release|Any CPU
		{6B08C792-8975-D9AF-B374-0F0711A3FD5C}.Debug|Any CPU.ActiveCfg = Debug|Any CPU
		{6B08C792-8975-D9AF-B374-0F0711A3FD5C}.Debug|Any CPU.Build.0 = Debug|Any CPU
		{6B08C792-8975-D9AF-B374-0F0711A3FD5C}.Release|Any CPU.ActiveCfg = Release|Any CPU
		{6B08C792-8975-D9AF-B374-0F0711A3FD5C}.Release|Any CPU.Build.0 = Release|Any CPU
	EndGlobalSection
	GlobalSection(SolutionProperties) = preSolution
		HideSolutionNode = FALSE
	EndGlobalSection
EndGlobal
